
Microsoft Visual Studio Solution File, Format Version 11.00
# Visual Studio 2010
Project("{FAE04EC0-301F-11D3-BF4B-00C04F79EFBC}") = "facebook_pages_crawler", "facebook_pages_crawler\facebook_pages_crawler.csproj", "{2ED9417B-9E57-4DF7-B592-ED0C9C214F1D}"
EndProject
Global
	GlobalSection(SolutionConfigurationPlatforms) = preSolution
		Debug|Any CPU = Debug|Any CPU
		Release|Any CPU = Release|Any CPU
	EndGlobalSection
	GlobalSection(ProjectConfigurationPlatforms) = postSolution
		{2ED9417B-9E57-4DF7-B592-ED0C9C214F1D}.Debug|Any CPU.ActiveCfg = Debug|Any CPU
		{2ED9417B-9E57-4DF7-B592-ED0C9C214F1D}.Debug|Any CPU.Build.0 = Debug|Any CPU
		{2ED9417B-9E57-4DF7-B592-ED0C9C214F1D}.Release|Any CPU.ActiveCfg = Release|Any CPU
		{2ED9417B-9E57-4DF7-B592-ED0C9C214F1D}.Release|Any CPU.Build.0 = Release|Any CPU
	EndGlobalSection
	GlobalSection(SolutionProperties) = preSolution
		HideSolutionNode = FALSE
	EndGlobalSection
EndGlobal
