
Microsoft Visual Studio Solution File, Format Version 12.00
# Visual Studio 2012
Project("{FAE04EC0-301F-11D3-BF4B-00C04F79EFBC}") = "NetworkVis", "NetworkVis\NetworkVis.csproj", "{44C14AAD-D815-418A-8620-9CEFF6B4714A}"
EndProject
Project("{FAE04EC0-301F-11D3-BF4B-00C04F79EFBC}") = "Adapters", "Adapters\Adapters.csproj", "{49BF210B-2FB1-4955-9553-B4C9DB275352}"
EndProject
Project("{FAE04EC0-301F-11D3-BF4B-00C04F79EFBC}") = "Algorithms", "Algorithms\Algorithms.csproj", "{1E286552-2364-419B-B8A0-D21B860BC60F}"
EndProject
Project("{FAE04EC0-301F-11D3-BF4B-00C04F79EFBC}") = "ApplicationUtil", "ApplicationUtil\ApplicationUtil.csproj", "{F7845042-B212-4D74-9343-DA2052F83234}"
EndProject
Project("{FAE04EC0-301F-11D3-BF4B-00C04F79EFBC}") = "Core", "Core\Core.csproj", "{8BA6250F-0771-43A0-8EE7-EBD24FB1ECCE}"
EndProject
Project("{FAE04EC0-301F-11D3-BF4B-00C04F79EFBC}") = "Layouts", "Layouts\Layouts.csproj", "{76604C5F-9442-4E48-B7A9-212507550A27}"
EndProject
Project("{FAE04EC0-301F-11D3-BF4B-00C04F79EFBC}") = "Util", "Util\Util.csproj", "{9F0DA064-8E3A-45D9-826A-3CCB1A748E47}"
EndProject
Project("{FAE04EC0-301F-11D3-BF4B-00C04F79EFBC}") = "WpfControl", "WpfControl\WpfControl.csproj", "{5E12EC39-6EC0-4962-97C6-C8506D0C6C67}"
EndProject
Project("{FAE04EC0-301F-11D3-BF4B-00C04F79EFBC}") = "WpfVisualization", "WpfVisualization\WpfVisualization.csproj", "{3228C440-7166-44E1-A1A2-036ECDD9371F}"
EndProject
Project("{FAE04EC0-301F-11D3-BF4B-00C04F79EFBC}") = "UI", "..\Analyzer\UI\UI.csproj", "{F154DAAA-7143-49E2-8247-34DD7B4BA1AE}"
EndProject
Project("{FAE04EC0-301F-11D3-BF4B-00C04F79EFBC}") = "Analyzer", "Analyzer\Analyzer.csproj", "{791D67EB-C08B-4672-BB6A-9A213301274C}"
EndProject
Project("{FAE04EC0-301F-11D3-BF4B-00C04F79EFBC}") = "LayoutControl", "LayoutControl\LayoutControl.csproj", "{9E0BA17E-30D6-461A-83E9-7D9D7F0FA9C5}"
EndProject
Project("{FAE04EC0-301F-11D3-BF4B-00C04F79EFBC}") = "TestLayoutControl", "TestLayoutControl\TestLayoutControl.csproj", "{A38F335D-AFFE-4AB7-954B-6E1BA285ECFD}"
EndProject
Project("{FAE04EC0-301F-11D3-BF4B-00C04F79EFBC}") = "TestLayoutControlWPF", "TestLayoutControlWPF\TestLayoutControlWPF.csproj", "{D11D8341-4A42-4057-8C1F-8418782150EF}"
EndProject
Project("{FAE04EC0-301F-11D3-BF4B-00C04F79EFBC}") = "StandaloneNode", "StandaloneNode\StandaloneNode.csproj", "{1ECB0310-CCA6-469B-90E6-B308F55E9340}"
EndProject
Project("{FAE04EC0-301F-11D3-BF4B-00C04F79EFBC}") = "IGraphDataProvider", "GraphDataProvider\IGraphDataProvider.csproj", "{D5CF9F04-C046-4DFD-9C44-3A0B06241069}"
EndProject
Project("{FAE04EC0-301F-11D3-BF4B-00C04F79EFBC}") = "GraphDataProviders", "GraphDataProviders\GraphDataProviders.csproj", "{64BD817E-C145-413C-BD58-9E053C4B20B5}"
EndProject
Project("{FAE04EC0-301F-11D3-BF4B-00C04F79EFBC}") = "AnalyzerUnitTest", "AnalyzerUnitTestProject1\AnalyzerUnitTest.csproj", "{A4CCE85D-DA13-4359-9020-5A491A4AFAD4}"
EndProject
Project("{FAE04EC0-301F-11D3-BF4B-00C04F79EFBC}") = "GraphStorageManagement", "GraphStorageManagement\GraphStorageManagement.csproj", "{D3A51111-E025-49CD-8ED5-EE8765A6F7B9}"
EndProject
Project("{FAE04EC0-301F-11D3-BF4B-00C04F79EFBC}") = "Observer_Core", "Observer_Core\Observer_Core.csproj", "{B03E6F53-6006-49D2-AC3C-8A00D9DF2776}"
EndProject
Project("{FAE04EC0-301F-11D3-BF4B-00C04F79EFBC}") = "LayoutControlUnitTest", "LayoutControlUnitTest\LayoutControlUnitTest.csproj", "{0BF7E1F7-1C12-4C9E-8CE4-A8FD6F5F47FC}"
EndProject
Project("{FAE04EC0-301F-11D3-BF4B-00C04F79EFBC}") = "DBConnectionUnitTest", "DBConnectionUnitTest\DBConnectionUnitTest.csproj", "{B6A1302E-4AA2-4E4A-A5DC-6137C5323A8C}"
EndProject
Project("{FAE04EC0-301F-11D3-BF4B-00C04F79EFBC}") = "GraphManagementTest", "UnitTestProject1\GraphManagementTest.csproj", "{EDEED596-450F-4D19-856B-01754AE0AD8C}"
EndProject
Project("{FAE04EC0-301F-11D3-BF4B-00C04F79EFBC}") = "CoreUnitTest", "CoreUnitTest\CoreUnitTest.csproj", "{36761D32-8ABA-4F09-920C-27896C24AAD7}"
EndProject
Project("{FAE04EC0-301F-11D3-BF4B-00C04F79EFBC}") = "UtilUnitTest", "UtilUnitTest\UtilUnitTest.csproj", "{946B91EE-77FA-4F7B-8656-D24C057DF1B6}"
EndProject
Global
	GlobalSection(SolutionConfigurationPlatforms) = preSolution
		Debug|Any CPU = Debug|Any CPU
		Debug|Mixed Platforms = Debug|Mixed Platforms
		Debug|Win32 = Debug|Win32
		Release|Any CPU = Release|Any CPU
		Release|Mixed Platforms = Release|Mixed Platforms
		Release|Win32 = Release|Win32
	EndGlobalSection
	GlobalSection(ProjectConfigurationPlatforms) = postSolution
		{44C14AAD-D815-418A-8620-9CEFF6B4714A}.Debug|Any CPU.ActiveCfg = Debug|Any CPU
		{44C14AAD-D815-418A-8620-9CEFF6B4714A}.Debug|Any CPU.Build.0 = Debug|Any CPU
		{44C14AAD-D815-418A-8620-9CEFF6B4714A}.Debug|Mixed Platforms.ActiveCfg = Debug|Any CPU
		{44C14AAD-D815-418A-8620-9CEFF6B4714A}.Debug|Mixed Platforms.Build.0 = Debug|Any CPU
		{44C14AAD-D815-418A-8620-9CEFF6B4714A}.Debug|Win32.ActiveCfg = Debug|Any CPU
		{44C14AAD-D815-418A-8620-9CEFF6B4714A}.Release|Any CPU.ActiveCfg = Release|Any CPU
		{44C14AAD-D815-418A-8620-9CEFF6B4714A}.Release|Any CPU.Build.0 = Release|Any CPU
		{44C14AAD-D815-418A-8620-9CEFF6B4714A}.Release|Mixed Platforms.ActiveCfg = Release|Any CPU
		{44C14AAD-D815-418A-8620-9CEFF6B4714A}.Release|Mixed Platforms.Build.0 = Release|Any CPU
		{44C14AAD-D815-418A-8620-9CEFF6B4714A}.Release|Win32.ActiveCfg = Release|Any CPU
		{49BF210B-2FB1-4955-9553-B4C9DB275352}.Debug|Any CPU.ActiveCfg = Debug|Any CPU
		{49BF210B-2FB1-4955-9553-B4C9DB275352}.Debug|Any CPU.Build.0 = Debug|Any CPU
		{49BF210B-2FB1-4955-9553-B4C9DB275352}.Debug|Mixed Platforms.ActiveCfg = Debug|Any CPU
		{49BF210B-2FB1-4955-9553-B4C9DB275352}.Debug|Mixed Platforms.Build.0 = Debug|Any CPU
		{49BF210B-2FB1-4955-9553-B4C9DB275352}.Debug|Win32.ActiveCfg = Debug|Any CPU
		{49BF210B-2FB1-4955-9553-B4C9DB275352}.Release|Any CPU.ActiveCfg = Release|Any CPU
		{49BF210B-2FB1-4955-9553-B4C9DB275352}.Release|Any CPU.Build.0 = Release|Any CPU
		{49BF210B-2FB1-4955-9553-B4C9DB275352}.Release|Mixed Platforms.ActiveCfg = Release|Any CPU
		{49BF210B-2FB1-4955-9553-B4C9DB275352}.Release|Mixed Platforms.Build.0 = Release|Any CPU
		{49BF210B-2FB1-4955-9553-B4C9DB275352}.Release|Win32.ActiveCfg = Release|Any CPU
		{1E286552-2364-419B-B8A0-D21B860BC60F}.Debug|Any CPU.ActiveCfg = Debug|Any CPU
		{1E286552-2364-419B-B8A0-D21B860BC60F}.Debug|Any CPU.Build.0 = Debug|Any CPU
		{1E286552-2364-419B-B8A0-D21B860BC60F}.Debug|Mixed Platforms.ActiveCfg = Debug|Any CPU
		{1E286552-2364-419B-B8A0-D21B860BC60F}.Debug|Mixed Platforms.Build.0 = Debug|Any CPU
		{1E286552-2364-419B-B8A0-D21B860BC60F}.Debug|Win32.ActiveCfg = Debug|Any CPU
		{1E286552-2364-419B-B8A0-D21B860BC60F}.Release|Any CPU.ActiveCfg = Release|Any CPU
		{1E286552-2364-419B-B8A0-D21B860BC60F}.Release|Any CPU.Build.0 = Release|Any CPU
		{1E286552-2364-419B-B8A0-D21B860BC60F}.Release|Mixed Platforms.ActiveCfg = Release|Any CPU
		{1E286552-2364-419B-B8A0-D21B860BC60F}.Release|Mixed Platforms.Build.0 = Release|Any CPU
		{1E286552-2364-419B-B8A0-D21B860BC60F}.Release|Win32.ActiveCfg = Release|Any CPU
		{F7845042-B212-4D74-9343-DA2052F83234}.Debug|Any CPU.ActiveCfg = Debug|Any CPU
		{F7845042-B212-4D74-9343-DA2052F83234}.Debug|Any CPU.Build.0 = Debug|Any CPU
		{F7845042-B212-4D74-9343-DA2052F83234}.Debug|Mixed Platforms.ActiveCfg = Debug|Any CPU
		{F7845042-B212-4D74-9343-DA2052F83234}.Debug|Mixed Platforms.Build.0 = Debug|Any CPU
		{F7845042-B212-4D74-9343-DA2052F83234}.Debug|Win32.ActiveCfg = Debug|Any CPU
		{F7845042-B212-4D74-9343-DA2052F83234}.Release|Any CPU.ActiveCfg = Release|Any CPU
		{F7845042-B212-4D74-9343-DA2052F83234}.Release|Any CPU.Build.0 = Release|Any CPU
		{F7845042-B212-4D74-9343-DA2052F83234}.Release|Mixed Platforms.ActiveCfg = Release|Any CPU
		{F7845042-B212-4D74-9343-DA2052F83234}.Release|Mixed Platforms.Build.0 = Release|Any CPU
		{F7845042-B212-4D74-9343-DA2052F83234}.Release|Win32.ActiveCfg = Release|Any CPU
		{8BA6250F-0771-43A0-8EE7-EBD24FB1ECCE}.Debug|Any CPU.ActiveCfg = Debug|Any CPU
		{8BA6250F-0771-43A0-8EE7-EBD24FB1ECCE}.Debug|Any CPU.Build.0 = Debug|Any CPU
		{8BA6250F-0771-43A0-8EE7-EBD24FB1ECCE}.Debug|Mixed Platforms.ActiveCfg = Debug|Any CPU
		{8BA6250F-0771-43A0-8EE7-EBD24FB1ECCE}.Debug|Mixed Platforms.Build.0 = Debug|Any CPU
		{8BA6250F-0771-43A0-8EE7-EBD24FB1ECCE}.Debug|Win32.ActiveCfg = Debug|Any CPU
		{8BA6250F-0771-43A0-8EE7-EBD24FB1ECCE}.Release|Any CPU.ActiveCfg = Release|Any CPU
		{8BA6250F-0771-43A0-8EE7-EBD24FB1ECCE}.Release|Any CPU.Build.0 = Release|Any CPU
		{8BA6250F-0771-43A0-8EE7-EBD24FB1ECCE}.Release|Mixed Platforms.ActiveCfg = Release|Any CPU
		{8BA6250F-0771-43A0-8EE7-EBD24FB1ECCE}.Release|Mixed Platforms.Build.0 = Release|Any CPU
		{8BA6250F-0771-43A0-8EE7-EBD24FB1ECCE}.Release|Win32.ActiveCfg = Release|Any CPU
		{76604C5F-9442-4E48-B7A9-212507550A27}.Debug|Any CPU.ActiveCfg = Debug|Any CPU
		{76604C5F-9442-4E48-B7A9-212507550A27}.Debug|Any CPU.Build.0 = Debug|Any CPU
		{76604C5F-9442-4E48-B7A9-212507550A27}.Debug|Mixed Platforms.ActiveCfg = Debug|Any CPU
		{76604C5F-9442-4E48-B7A9-212507550A27}.Debug|Mixed Platforms.Build.0 = Debug|Any CPU
		{76604C5F-9442-4E48-B7A9-212507550A27}.Debug|Win32.ActiveCfg = Debug|Any CPU
		{76604C5F-9442-4E48-B7A9-212507550A27}.Release|Any CPU.ActiveCfg = Release|Any CPU
		{76604C5F-9442-4E48-B7A9-212507550A27}.Release|Any CPU.Build.0 = Release|Any CPU
		{76604C5F-9442-4E48-B7A9-212507550A27}.Release|Mixed Platforms.ActiveCfg = Release|Any CPU
		{76604C5F-9442-4E48-B7A9-212507550A27}.Release|Mixed Platforms.Build.0 = Release|Any CPU
		{76604C5F-9442-4E48-B7A9-212507550A27}.Release|Win32.ActiveCfg = Release|Any CPU
		{9F0DA064-8E3A-45D9-826A-3CCB1A748E47}.Debug|Any CPU.ActiveCfg = Debug|Any CPU
		{9F0DA064-8E3A-45D9-826A-3CCB1A748E47}.Debug|Any CPU.Build.0 = Debug|Any CPU
		{9F0DA064-8E3A-45D9-826A-3CCB1A748E47}.Debug|Mixed Platforms.ActiveCfg = Debug|Any CPU
		{9F0DA064-8E3A-45D9-826A-3CCB1A748E47}.Debug|Mixed Platforms.Build.0 = Debug|Any CPU
		{9F0DA064-8E3A-45D9-826A-3CCB1A748E47}.Debug|Win32.ActiveCfg = Debug|Any CPU
		{9F0DA064-8E3A-45D9-826A-3CCB1A748E47}.Release|Any CPU.ActiveCfg = Release|Any CPU
		{9F0DA064-8E3A-45D9-826A-3CCB1A748E47}.Release|Any CPU.Build.0 = Release|Any CPU
		{9F0DA064-8E3A-45D9-826A-3CCB1A748E47}.Release|Mixed Platforms.ActiveCfg = Release|Any CPU
		{9F0DA064-8E3A-45D9-826A-3CCB1A748E47}.Release|Mixed Platforms.Build.0 = Release|Any CPU
		{9F0DA064-8E3A-45D9-826A-3CCB1A748E47}.Release|Win32.ActiveCfg = Release|Any CPU
		{5E12EC39-6EC0-4962-97C6-C8506D0C6C67}.Debug|Any CPU.ActiveCfg = Debug|Any CPU
		{5E12EC39-6EC0-4962-97C6-C8506D0C6C67}.Debug|Any CPU.Build.0 = Debug|Any CPU
		{5E12EC39-6EC0-4962-97C6-C8506D0C6C67}.Debug|Mixed Platforms.ActiveCfg = Debug|Any CPU
		{5E12EC39-6EC0-4962-97C6-C8506D0C6C67}.Debug|Mixed Platforms.Build.0 = Debug|Any CPU
		{5E12EC39-6EC0-4962-97C6-C8506D0C6C67}.Debug|Win32.ActiveCfg = Debug|Any CPU
		{5E12EC39-6EC0-4962-97C6-C8506D0C6C67}.Release|Any CPU.ActiveCfg = Release|Any CPU
		{5E12EC39-6EC0-4962-97C6-C8506D0C6C67}.Release|Any CPU.Build.0 = Release|Any CPU
		{5E12EC39-6EC0-4962-97C6-C8506D0C6C67}.Release|Mixed Platforms.ActiveCfg = Release|Any CPU
		{5E12EC39-6EC0-4962-97C6-C8506D0C6C67}.Release|Mixed Platforms.Build.0 = Release|Any CPU
		{5E12EC39-6EC0-4962-97C6-C8506D0C6C67}.Release|Win32.ActiveCfg = Release|Any CPU
		{3228C440-7166-44E1-A1A2-036ECDD9371F}.Debug|Any CPU.ActiveCfg = Debug|Any CPU
		{3228C440-7166-44E1-A1A2-036ECDD9371F}.Debug|Any CPU.Build.0 = Debug|Any CPU
		{3228C440-7166-44E1-A1A2-036ECDD9371F}.Debug|Mixed Platforms.ActiveCfg = Debug|Any CPU
		{3228C440-7166-44E1-A1A2-036ECDD9371F}.Debug|Mixed Platforms.Build.0 = Debug|Any CPU
		{3228C440-7166-44E1-A1A2-036ECDD9371F}.Debug|Win32.ActiveCfg = Debug|Any CPU
		{3228C440-7166-44E1-A1A2-036ECDD9371F}.Release|Any CPU.ActiveCfg = Release|Any CPU
		{3228C440-7166-44E1-A1A2-036ECDD9371F}.Release|Any CPU.Build.0 = Release|Any CPU
		{3228C440-7166-44E1-A1A2-036ECDD9371F}.Release|Mixed Platforms.ActiveCfg = Release|Any CPU
		{3228C440-7166-44E1-A1A2-036ECDD9371F}.Release|Mixed Platforms.Build.0 = Release|Any CPU
		{3228C440-7166-44E1-A1A2-036ECDD9371F}.Release|Win32.ActiveCfg = Release|Any CPU
		{F154DAAA-7143-49E2-8247-34DD7B4BA1AE}.Debug|Any CPU.ActiveCfg = Debug|Any CPU
		{F154DAAA-7143-49E2-8247-34DD7B4BA1AE}.Debug|Any CPU.Build.0 = Debug|Any CPU
		{F154DAAA-7143-49E2-8247-34DD7B4BA1AE}.Debug|Mixed Platforms.ActiveCfg = Debug|Any CPU
		{F154DAAA-7143-49E2-8247-34DD7B4BA1AE}.Debug|Mixed Platforms.Build.0 = Debug|Any CPU
		{F154DAAA-7143-49E2-8247-34DD7B4BA1AE}.Debug|Win32.ActiveCfg = Debug|Any CPU
		{F154DAAA-7143-49E2-8247-34DD7B4BA1AE}.Release|Any CPU.ActiveCfg = Release|Any CPU
		{F154DAAA-7143-49E2-8247-34DD7B4BA1AE}.Release|Any CPU.Build.0 = Release|Any CPU
		{F154DAAA-7143-49E2-8247-34DD7B4BA1AE}.Release|Mixed Platforms.ActiveCfg = Release|Any CPU
		{F154DAAA-7143-49E2-8247-34DD7B4BA1AE}.Release|Mixed Platforms.Build.0 = Release|Any CPU
		{F154DAAA-7143-49E2-8247-34DD7B4BA1AE}.Release|Win32.ActiveCfg = Release|Any CPU
		{791D67EB-C08B-4672-BB6A-9A213301274C}.Debug|Any CPU.ActiveCfg = Debug|Any CPU
		{791D67EB-C08B-4672-BB6A-9A213301274C}.Debug|Any CPU.Build.0 = Debug|Any CPU
		{791D67EB-C08B-4672-BB6A-9A213301274C}.Debug|Mixed Platforms.ActiveCfg = Debug|Any CPU
		{791D67EB-C08B-4672-BB6A-9A213301274C}.Debug|Mixed Platforms.Build.0 = Debug|Any CPU
		{791D67EB-C08B-4672-BB6A-9A213301274C}.Debug|Win32.ActiveCfg = Debug|Any CPU
		{791D67EB-C08B-4672-BB6A-9A213301274C}.Release|Any CPU.ActiveCfg = Release|Any CPU
		{791D67EB-C08B-4672-BB6A-9A213301274C}.Release|Any CPU.Build.0 = Release|Any CPU
		{791D67EB-C08B-4672-BB6A-9A213301274C}.Release|Mixed Platforms.ActiveCfg = Release|Any CPU
		{791D67EB-C08B-4672-BB6A-9A213301274C}.Release|Mixed Platforms.Build.0 = Release|Any CPU
		{791D67EB-C08B-4672-BB6A-9A213301274C}.Release|Win32.ActiveCfg = Release|Any CPU
		{9E0BA17E-30D6-461A-83E9-7D9D7F0FA9C5}.Debug|Any CPU.ActiveCfg = Debug|Any CPU
		{9E0BA17E-30D6-461A-83E9-7D9D7F0FA9C5}.Debug|Any CPU.Build.0 = Debug|Any CPU
		{9E0BA17E-30D6-461A-83E9-7D9D7F0FA9C5}.Debug|Mixed Platforms.ActiveCfg = Debug|Any CPU
		{9E0BA17E-30D6-461A-83E9-7D9D7F0FA9C5}.Debug|Mixed Platforms.Build.0 = Debug|Any CPU
		{9E0BA17E-30D6-461A-83E9-7D9D7F0FA9C5}.Debug|Win32.ActiveCfg = Debug|Any CPU
		{9E0BA17E-30D6-461A-83E9-7D9D7F0FA9C5}.Release|Any CPU.ActiveCfg = Release|Any CPU
		{9E0BA17E-30D6-461A-83E9-7D9D7F0FA9C5}.Release|Any CPU.Build.0 = Release|Any CPU
		{9E0BA17E-30D6-461A-83E9-7D9D7F0FA9C5}.Release|Mixed Platforms.ActiveCfg = Release|Any CPU
		{9E0BA17E-30D6-461A-83E9-7D9D7F0FA9C5}.Release|Mixed Platforms.Build.0 = Release|Any CPU
		{9E0BA17E-30D6-461A-83E9-7D9D7F0FA9C5}.Release|Win32.ActiveCfg = Release|Any CPU
		{A38F335D-AFFE-4AB7-954B-6E1BA285ECFD}.Debug|Any CPU.ActiveCfg = Debug|Any CPU
		{A38F335D-AFFE-4AB7-954B-6E1BA285ECFD}.Debug|Any CPU.Build.0 = Debug|Any CPU
		{A38F335D-AFFE-4AB7-954B-6E1BA285ECFD}.Debug|Mixed Platforms.ActiveCfg = Debug|Any CPU
		{A38F335D-AFFE-4AB7-954B-6E1BA285ECFD}.Debug|Mixed Platforms.Build.0 = Debug|Any CPU
		{A38F335D-AFFE-4AB7-954B-6E1BA285ECFD}.Debug|Win32.ActiveCfg = Debug|Any CPU
		{A38F335D-AFFE-4AB7-954B-6E1BA285ECFD}.Release|Any CPU.ActiveCfg = Release|Any CPU
		{A38F335D-AFFE-4AB7-954B-6E1BA285ECFD}.Release|Any CPU.Build.0 = Release|Any CPU
		{A38F335D-AFFE-4AB7-954B-6E1BA285ECFD}.Release|Mixed Platforms.ActiveCfg = Release|Any CPU
		{A38F335D-AFFE-4AB7-954B-6E1BA285ECFD}.Release|Mixed Platforms.Build.0 = Release|Any CPU
		{A38F335D-AFFE-4AB7-954B-6E1BA285ECFD}.Release|Win32.ActiveCfg = Release|Any CPU
		{D11D8341-4A42-4057-8C1F-8418782150EF}.Debug|Any CPU.ActiveCfg = Debug|Any CPU
		{D11D8341-4A42-4057-8C1F-8418782150EF}.Debug|Any CPU.Build.0 = Debug|Any CPU
		{D11D8341-4A42-4057-8C1F-8418782150EF}.Debug|Mixed Platforms.ActiveCfg = Debug|Any CPU
		{D11D8341-4A42-4057-8C1F-8418782150EF}.Debug|Mixed Platforms.Build.0 = Debug|Any CPU
		{D11D8341-4A42-4057-8C1F-8418782150EF}.Debug|Win32.ActiveCfg = Debug|Any CPU
		{D11D8341-4A42-4057-8C1F-8418782150EF}.Release|Any CPU.ActiveCfg = Release|Any CPU
		{D11D8341-4A42-4057-8C1F-8418782150EF}.Release|Any CPU.Build.0 = Release|Any CPU
		{D11D8341-4A42-4057-8C1F-8418782150EF}.Release|Mixed Platforms.ActiveCfg = Release|Any CPU
		{D11D8341-4A42-4057-8C1F-8418782150EF}.Release|Mixed Platforms.Build.0 = Release|Any CPU
		{D11D8341-4A42-4057-8C1F-8418782150EF}.Release|Win32.ActiveCfg = Release|Any CPU
		{1ECB0310-CCA6-469B-90E6-B308F55E9340}.Debug|Any CPU.ActiveCfg = Debug|Any CPU
		{1ECB0310-CCA6-469B-90E6-B308F55E9340}.Debug|Any CPU.Build.0 = Debug|Any CPU
		{1ECB0310-CCA6-469B-90E6-B308F55E9340}.Debug|Mixed Platforms.ActiveCfg = Debug|Any CPU
		{1ECB0310-CCA6-469B-90E6-B308F55E9340}.Debug|Mixed Platforms.Build.0 = Debug|Any CPU
		{1ECB0310-CCA6-469B-90E6-B308F55E9340}.Debug|Win32.ActiveCfg = Debug|Any CPU
		{1ECB0310-CCA6-469B-90E6-B308F55E9340}.Release|Any CPU.ActiveCfg = Release|Any CPU
		{1ECB0310-CCA6-469B-90E6-B308F55E9340}.Release|Any CPU.Build.0 = Release|Any CPU
		{1ECB0310-CCA6-469B-90E6-B308F55E9340}.Release|Mixed Platforms.ActiveCfg = Release|Any CPU
		{1ECB0310-CCA6-469B-90E6-B308F55E9340}.Release|Mixed Platforms.Build.0 = Release|Any CPU
		{1ECB0310-CCA6-469B-90E6-B308F55E9340}.Release|Win32.ActiveCfg = Release|Any CPU
		{D5CF9F04-C046-4DFD-9C44-3A0B06241069}.Debug|Any CPU.ActiveCfg = Debug|Any CPU
		{D5CF9F04-C046-4DFD-9C44-3A0B06241069}.Debug|Any CPU.Build.0 = Debug|Any CPU
		{D5CF9F04-C046-4DFD-9C44-3A0B06241069}.Debug|Mixed Platforms.ActiveCfg = Debug|Any CPU
		{D5CF9F04-C046-4DFD-9C44-3A0B06241069}.Debug|Mixed Platforms.Build.0 = Debug|Any CPU
		{D5CF9F04-C046-4DFD-9C44-3A0B06241069}.Debug|Win32.ActiveCfg = Debug|Any CPU
		{D5CF9F04-C046-4DFD-9C44-3A0B06241069}.Release|Any CPU.ActiveCfg = Release|Any CPU
		{D5CF9F04-C046-4DFD-9C44-3A0B06241069}.Release|Any CPU.Build.0 = Release|Any CPU
		{D5CF9F04-C046-4DFD-9C44-3A0B06241069}.Release|Mixed Platforms.ActiveCfg = Release|Any CPU
		{D5CF9F04-C046-4DFD-9C44-3A0B06241069}.Release|Mixed Platforms.Build.0 = Release|Any CPU
		{D5CF9F04-C046-4DFD-9C44-3A0B06241069}.Release|Win32.ActiveCfg = Release|Any CPU
		{64BD817E-C145-413C-BD58-9E053C4B20B5}.Debug|Any CPU.ActiveCfg = Debug|Any CPU
		{64BD817E-C145-413C-BD58-9E053C4B20B5}.Debug|Any CPU.Build.0 = Debug|Any CPU
		{64BD817E-C145-413C-BD58-9E053C4B20B5}.Debug|Mixed Platforms.ActiveCfg = Debug|Any CPU
		{64BD817E-C145-413C-BD58-9E053C4B20B5}.Debug|Mixed Platforms.Build.0 = Debug|Any CPU
		{64BD817E-C145-413C-BD58-9E053C4B20B5}.Debug|Win32.ActiveCfg = Debug|Any CPU
		{64BD817E-C145-413C-BD58-9E053C4B20B5}.Release|Any CPU.ActiveCfg = Release|Any CPU
		{64BD817E-C145-413C-BD58-9E053C4B20B5}.Release|Any CPU.Build.0 = Release|Any CPU
		{64BD817E-C145-413C-BD58-9E053C4B20B5}.Release|Mixed Platforms.ActiveCfg = Release|Any CPU
		{64BD817E-C145-413C-BD58-9E053C4B20B5}.Release|Mixed Platforms.Build.0 = Release|Any CPU
		{64BD817E-C145-413C-BD58-9E053C4B20B5}.Release|Win32.ActiveCfg = Release|Any CPU
		{A4CCE85D-DA13-4359-9020-5A491A4AFAD4}.Debug|Any CPU.ActiveCfg = Debug|Any CPU
		{A4CCE85D-DA13-4359-9020-5A491A4AFAD4}.Debug|Any CPU.Build.0 = Debug|Any CPU
		{A4CCE85D-DA13-4359-9020-5A491A4AFAD4}.Debug|Mixed Platforms.ActiveCfg = Debug|Any CPU
		{A4CCE85D-DA13-4359-9020-5A491A4AFAD4}.Debug|Mixed Platforms.Build.0 = Debug|Any CPU
		{A4CCE85D-DA13-4359-9020-5A491A4AFAD4}.Debug|Win32.ActiveCfg = Debug|Any CPU
		{A4CCE85D-DA13-4359-9020-5A491A4AFAD4}.Release|Any CPU.ActiveCfg = Release|Any CPU
		{A4CCE85D-DA13-4359-9020-5A491A4AFAD4}.Release|Any CPU.Build.0 = Release|Any CPU
		{A4CCE85D-DA13-4359-9020-5A491A4AFAD4}.Release|Mixed Platforms.ActiveCfg = Release|Any CPU
		{A4CCE85D-DA13-4359-9020-5A491A4AFAD4}.Release|Mixed Platforms.Build.0 = Release|Any CPU
		{A4CCE85D-DA13-4359-9020-5A491A4AFAD4}.Release|Win32.ActiveCfg = Release|Any CPU
		{D3A51111-E025-49CD-8ED5-EE8765A6F7B9}.Debug|Any CPU.ActiveCfg = Debug|Any CPU
		{D3A51111-E025-49CD-8ED5-EE8765A6F7B9}.Debug|Any CPU.Build.0 = Debug|Any CPU
		{D3A51111-E025-49CD-8ED5-EE8765A6F7B9}.Debug|Mixed Platforms.ActiveCfg = Debug|Any CPU
		{D3A51111-E025-49CD-8ED5-EE8765A6F7B9}.Debug|Mixed Platforms.Build.0 = Debug|Any CPU
		{D3A51111-E025-49CD-8ED5-EE8765A6F7B9}.Debug|Win32.ActiveCfg = Debug|Any CPU
		{D3A51111-E025-49CD-8ED5-EE8765A6F7B9}.Release|Any CPU.ActiveCfg = Release|Any CPU
		{D3A51111-E025-49CD-8ED5-EE8765A6F7B9}.Release|Any CPU.Build.0 = Release|Any CPU
		{D3A51111-E025-49CD-8ED5-EE8765A6F7B9}.Release|Mixed Platforms.ActiveCfg = Release|Any CPU
		{D3A51111-E025-49CD-8ED5-EE8765A6F7B9}.Release|Mixed Platforms.Build.0 = Release|Any CPU
		{D3A51111-E025-49CD-8ED5-EE8765A6F7B9}.Release|Win32.ActiveCfg = Release|Any CPU
		{B03E6F53-6006-49D2-AC3C-8A00D9DF2776}.Debug|Any CPU.ActiveCfg = Debug|Any CPU
		{B03E6F53-6006-49D2-AC3C-8A00D9DF2776}.Debug|Any CPU.Build.0 = Debug|Any CPU
		{B03E6F53-6006-49D2-AC3C-8A00D9DF2776}.Debug|Mixed Platforms.ActiveCfg = Debug|Any CPU
		{B03E6F53-6006-49D2-AC3C-8A00D9DF2776}.Debug|Mixed Platforms.Build.0 = Debug|Any CPU
		{B03E6F53-6006-49D2-AC3C-8A00D9DF2776}.Debug|Win32.ActiveCfg = Debug|Any CPU
		{B03E6F53-6006-49D2-AC3C-8A00D9DF2776}.Release|Any CPU.ActiveCfg = Release|Any CPU
		{B03E6F53-6006-49D2-AC3C-8A00D9DF2776}.Release|Any CPU.Build.0 = Release|Any CPU
		{B03E6F53-6006-49D2-AC3C-8A00D9DF2776}.Release|Mixed Platforms.ActiveCfg = Release|Any CPU
		{B03E6F53-6006-49D2-AC3C-8A00D9DF2776}.Release|Mixed Platforms.Build.0 = Release|Any CPU
		{B03E6F53-6006-49D2-AC3C-8A00D9DF2776}.Release|Win32.ActiveCfg = Release|Any CPU
		{0BF7E1F7-1C12-4C9E-8CE4-A8FD6F5F47FC}.Debug|Any CPU.ActiveCfg = Debug|Any CPU
		{0BF7E1F7-1C12-4C9E-8CE4-A8FD6F5F47FC}.Debug|Any CPU.Build.0 = Debug|Any CPU
		{0BF7E1F7-1C12-4C9E-8CE4-A8FD6F5F47FC}.Debug|Mixed Platforms.ActiveCfg = Debug|Any CPU
		{0BF7E1F7-1C12-4C9E-8CE4-A8FD6F5F47FC}.Debug|Mixed Platforms.Build.0 = Debug|Any CPU
		{0BF7E1F7-1C12-4C9E-8CE4-A8FD6F5F47FC}.Debug|Win32.ActiveCfg = Debug|Any CPU
		{0BF7E1F7-1C12-4C9E-8CE4-A8FD6F5F47FC}.Release|Any CPU.ActiveCfg = Release|Any CPU
		{0BF7E1F7-1C12-4C9E-8CE4-A8FD6F5F47FC}.Release|Any CPU.Build.0 = Release|Any CPU
		{0BF7E1F7-1C12-4C9E-8CE4-A8FD6F5F47FC}.Release|Mixed Platforms.ActiveCfg = Release|Any CPU
		{0BF7E1F7-1C12-4C9E-8CE4-A8FD6F5F47FC}.Release|Mixed Platforms.Build.0 = Release|Any CPU
		{0BF7E1F7-1C12-4C9E-8CE4-A8FD6F5F47FC}.Release|Win32.ActiveCfg = Release|Any CPU
		{B6A1302E-4AA2-4E4A-A5DC-6137C5323A8C}.Debug|Any CPU.ActiveCfg = Debug|Any CPU
		{B6A1302E-4AA2-4E4A-A5DC-6137C5323A8C}.Debug|Any CPU.Build.0 = Debug|Any CPU
		{B6A1302E-4AA2-4E4A-A5DC-6137C5323A8C}.Debug|Mixed Platforms.ActiveCfg = Debug|Any CPU
		{B6A1302E-4AA2-4E4A-A5DC-6137C5323A8C}.Debug|Mixed Platforms.Build.0 = Debug|Any CPU
		{B6A1302E-4AA2-4E4A-A5DC-6137C5323A8C}.Debug|Win32.ActiveCfg = Debug|Any CPU
		{B6A1302E-4AA2-4E4A-A5DC-6137C5323A8C}.Release|Any CPU.ActiveCfg = Release|Any CPU
		{B6A1302E-4AA2-4E4A-A5DC-6137C5323A8C}.Release|Any CPU.Build.0 = Release|Any CPU
		{B6A1302E-4AA2-4E4A-A5DC-6137C5323A8C}.Release|Mixed Platforms.ActiveCfg = Release|Any CPU
		{B6A1302E-4AA2-4E4A-A5DC-6137C5323A8C}.Release|Mixed Platforms.Build.0 = Release|Any CPU
		{B6A1302E-4AA2-4E4A-A5DC-6137C5323A8C}.Release|Win32.ActiveCfg = Release|Any CPU
		{EDEED596-450F-4D19-856B-01754AE0AD8C}.Debug|Any CPU.ActiveCfg = Debug|Any CPU
		{EDEED596-450F-4D19-856B-01754AE0AD8C}.Debug|Any CPU.Build.0 = Debug|Any CPU
		{EDEED596-450F-4D19-856B-01754AE0AD8C}.Debug|Mixed Platforms.ActiveCfg = Debug|Any CPU
		{EDEED596-450F-4D19-856B-01754AE0AD8C}.Debug|Mixed Platforms.Build.0 = Debug|Any CPU
		{EDEED596-450F-4D19-856B-01754AE0AD8C}.Debug|Win32.ActiveCfg = Debug|Any CPU
		{EDEED596-450F-4D19-856B-01754AE0AD8C}.Release|Any CPU.ActiveCfg = Release|Any CPU
		{EDEED596-450F-4D19-856B-01754AE0AD8C}.Release|Any CPU.Build.0 = Release|Any CPU
		{EDEED596-450F-4D19-856B-01754AE0AD8C}.Release|Mixed Platforms.ActiveCfg = Release|Any CPU
		{EDEED596-450F-4D19-856B-01754AE0AD8C}.Release|Mixed Platforms.Build.0 = Release|Any CPU
		{EDEED596-450F-4D19-856B-01754AE0AD8C}.Release|Win32.ActiveCfg = Release|Any CPU
		{36761D32-8ABA-4F09-920C-27896C24AAD7}.Debug|Any CPU.ActiveCfg = Debug|Any CPU
		{36761D32-8ABA-4F09-920C-27896C24AAD7}.Debug|Any CPU.Build.0 = Debug|Any CPU
		{36761D32-8ABA-4F09-920C-27896C24AAD7}.Debug|Mixed Platforms.ActiveCfg = Debug|Any CPU
		{36761D32-8ABA-4F09-920C-27896C24AAD7}.Debug|Mixed Platforms.Build.0 = Debug|Any CPU
		{36761D32-8ABA-4F09-920C-27896C24AAD7}.Debug|Win32.ActiveCfg = Debug|Any CPU
		{36761D32-8ABA-4F09-920C-27896C24AAD7}.Release|Any CPU.ActiveCfg = Release|Any CPU
		{36761D32-8ABA-4F09-920C-27896C24AAD7}.Release|Any CPU.Build.0 = Release|Any CPU
		{36761D32-8ABA-4F09-920C-27896C24AAD7}.Release|Mixed Platforms.ActiveCfg = Release|Any CPU
		{36761D32-8ABA-4F09-920C-27896C24AAD7}.Release|Mixed Platforms.Build.0 = Release|Any CPU
		{36761D32-8ABA-4F09-920C-27896C24AAD7}.Release|Win32.ActiveCfg = Release|Any CPU
		{946B91EE-77FA-4F7B-8656-D24C057DF1B6}.Debug|Any CPU.ActiveCfg = Debug|Any CPU
		{946B91EE-77FA-4F7B-8656-D24C057DF1B6}.Debug|Any CPU.Build.0 = Debug|Any CPU
		{946B91EE-77FA-4F7B-8656-D24C057DF1B6}.Debug|Mixed Platforms.ActiveCfg = Debug|Any CPU
		{946B91EE-77FA-4F7B-8656-D24C057DF1B6}.Debug|Mixed Platforms.Build.0 = Debug|Any CPU
		{946B91EE-77FA-4F7B-8656-D24C057DF1B6}.Debug|Win32.ActiveCfg = Debug|Any CPU
		{946B91EE-77FA-4F7B-8656-D24C057DF1B6}.Release|Any CPU.ActiveCfg = Release|Any CPU
		{946B91EE-77FA-4F7B-8656-D24C057DF1B6}.Release|Any CPU.Build.0 = Release|Any CPU
		{946B91EE-77FA-4F7B-8656-D24C057DF1B6}.Release|Mixed Platforms.ActiveCfg = Release|Any CPU
		{946B91EE-77FA-4F7B-8656-D24C057DF1B6}.Release|Mixed Platforms.Build.0 = Release|Any CPU
		{946B91EE-77FA-4F7B-8656-D24C057DF1B6}.Release|Win32.ActiveCfg = Release|Any CPU
	EndGlobalSection
	GlobalSection(SolutionProperties) = preSolution
		HideSolutionNode = FALSE
	EndGlobalSection
EndGlobal
